
Microsoft Visual Studio Solution File, Format Version 12.00
# Visual Studio Version 17
VisualStudioVersion = 17.10.35013.160
MinimumVisualStudioVersion = 10.0.40219.1
Project("{FAE04EC0-301F-11D3-BF4B-00C04F79EFBC}") = "MyProgressTrackerDependanciesLib", "MyProgressTrackerDependanciesLib\MyProgressTrackerDependanciesLib.csproj", "{BA0A9B4F-22AE-4B33-B0E6-38594AD84D6E}"
EndProject
Global
	GlobalSection(SolutionConfigurationPlatforms) = preSolution
		Debug|Any CPU = Debug|Any CPU
		Release|Any CPU = Release|Any CPU
	EndGlobalSection
	GlobalSection(ProjectConfigurationPlatforms) = postSolution
		{BA0A9B4F-22AE-4B33-B0E6-38594AD84D6E}.Debug|Any CPU.ActiveCfg = Debug|Any CPU
		{BA0A9B4F-22AE-4B33-B0E6-38594AD84D6E}.Debug|Any CPU.Build.0 = Debug|Any CPU
		{BA0A9B4F-22AE-4B33-B0E6-38594AD84D6E}.Release|Any CPU.ActiveCfg = Release|Any CPU
		{BA0A9B4F-22AE-4B33-B0E6-38594AD84D6E}.Release|Any CPU.Build.0 = Release|Any CPU
	EndGlobalSection
	GlobalSection(SolutionProperties) = preSolution
		HideSolutionNode = FALSE
	EndGlobalSection
	GlobalSection(ExtensibilityGlobals) = postSolution
		SolutionGuid = {17130963-2CE8-4702-B892-B0339B337027}
	EndGlobalSection
EndGlobal
